
Microsoft Visual Studio Solution File, Format Version 12.00
# Visual Studio 15
VisualStudioVersion = 15.0.27004.2002
MinimumVisualStudioVersion = 10.0.40219.1
Project("{9A19103F-16F7-4668-BE54-9A1E7A4F7556}") = "ZwajApp.API", "ZwajApp.API\ZwajApp.API.csproj", "{0110F912-10A8-4BE4-89A1-3301D0D143BB}"
EndProject
Global
	GlobalSection(SolutionConfigurationPlatforms) = preSolution
		Debug|Any CPU = Debug|Any CPU
		Release|Any CPU = Release|Any CPU
	EndGlobalSection
	GlobalSection(ProjectConfigurationPlatforms) = postSolution
		{0110F912-10A8-4BE4-89A1-3301D0D143BB}.Debug|Any CPU.ActiveCfg = Debug|Any CPU
		{0110F912-10A8-4BE4-89A1-3301D0D143BB}.Debug|Any CPU.Build.0 = Debug|Any CPU
		{0110F912-10A8-4BE4-89A1-3301D0D143BB}.Release|Any CPU.ActiveCfg = Release|Any CPU
		{0110F912-10A8-4BE4-89A1-3301D0D143BB}.Release|Any CPU.Build.0 = Release|Any CPU
	EndGlobalSection
	GlobalSection(SolutionProperties) = preSolution
		HideSolutionNode = FALSE
	EndGlobalSection
	GlobalSection(ExtensibilityGlobals) = postSolution
		SolutionGuid = {1BA79429-B160-48B8-8280-CC61E844A450}
	EndGlobalSection
EndGlobal
